{
  "name": "anchorweight",
  "version": "1.7.0",
  "lockfileVersion": 3,
  "requires": true,
  "packages": {
    "": {
      "name": "anchorweight",
      "version": "1.7.0",
      "license": "MIT",
      "bin": {
        "anchorweight": "bin/anchorweight.js"
      },
      "engines": {
        "node": ">=20"
      }
    }
  }
}
